// !$*UTF8*$!
{
	archiveVersion = 1;
	classes = {
	};
	objectVersion = 50;
	objects = {

/* Begin PBXBuildFile section */
		D2E17A2B231A154600106C14 /* AppDelegate.swift in Sources */ = {isa = PBXBuildFile; fileRef = D2E17A2A231A154600106C14 /* AppDelegate.swift */; };
		D2E17A2D231A154600106C14 /* ViewController.swift in Sources */ = {isa = PBXBuildFile; fileRef = D2E17A2C231A154600106C14 /* ViewController.swift */; };
		D2E17A30231A154600106C14 /* Main.storyboard in Resources */ = {isa = PBXBuildFile; fileRef = D2E17A2E231A154600106C14 /* Main.storyboard */; };
		D2E17A32231A154700106C14 /* Assets.xcassets in Resources */ = {isa = PBXBuildFile; fileRef = D2E17A31231A154700106C14 /* Assets.xcassets */; };
		D2E17A35231A154700106C14 /* LaunchScreen.storyboard in Resources */ = {isa = PBXBuildFile; fileRef = D2E17A33231A154700106C14 /* LaunchScreen.storyboard */; };
		D2E17A3D231A160F00106C14 /* Inceptionv3.mlmodel in Sources */ = {isa = PBXBuildFile; fileRef = D2E17A3C231A160F00106C14 /* Inceptionv3.mlmodel */; };
		D2E17A61231D07EA00106C14 /* ProgressHUD.bundle in Resources */ = {isa = PBXBuildFile; fileRef = D2E17A5E231D07EA00106C14 /* ProgressHUD.bundle */; };
		D2E17A62231D07EA00106C14 /* ProgressHUD.m in Sources */ = {isa = PBXBuildFile; fileRef = D2E17A5F231D07EA00106C14 /* ProgressHUD.m */; };
/* End PBXBuildFile section */

/* Begin PBXFileReference section */
		D2E17A27231A154600106C14 /* CatOrNot.app */ = {isa = PBXFileReference; explicitFileType = wrapper.application; includeInIndex = 0; path = CatOrNot.app; sourceTree = BUILT_PRODUCTS_DIR; };
		D2E17A2A231A154600106C14 /* AppDelegate.swift */ = {isa = PBXFileReference; lastKnownFileType = sourcecode.swift; path = AppDelegate.swift; sourceTree = "<group>"; };
		D2E17A2C231A154600106C14 /* ViewController.swift */ = {isa = PBXFileReference; lastKnownFileType = sourcecode.swift; path = ViewController.swift; sourceTree = "<group>"; };
		D2E17A2F231A154600106C14 /* Base */ = {isa = PBXFileReference; lastKnownFileType = file.storyboard; name = Base; path = Base.lproj/Main.storyboard; sourceTree = "<group>"; };
		D2E17A31231A154700106C14 /* Assets.xcassets */ = {isa = PBXFileReference; lastKnownFileType = folder.assetcatalog; path = Assets.xcassets; sourceTree = "<group>"; };
		D2E17A34231A154700106C14 /* Base */ = {isa = PBXFileReference; lastKnownFileType = file.storyboard; name = Base; path = Base.lproj/LaunchScreen.storyboard; sourceTree = "<group>"; };
		D2E17A36231A154700106C14 /* Info.plist */ = {isa = PBXFileReference; lastKnownFileType = text.plist.xml; path = Info.plist; sourceTree = "<group>"; };
		D2E17A3C231A160F00106C14 /* Inceptionv3.mlmodel */ = {isa = PBXFileReference; lastKnownFileType = file.mlmodel; path = Inceptionv3.mlmodel; sourceTree = "<group>"; };
		D2E17A5D231D07E900106C14 /* CatOrNot-Bridging-Header.h */ = {isa = PBXFileReference; lastKnownFileType = sourcecode.c.h; path = "CatOrNot-Bridging-Header.h"; sourceTree = "<group>"; };
		D2E17A5E231D07EA00106C14 /* ProgressHUD.bundle */ = {isa = PBXFileReference; lastKnownFileType = "wrapper.plug-in"; path = ProgressHUD.bundle; sourceTree = "<group>"; };
		D2E17A5F231D07EA00106C14 /* ProgressHUD.m */ = {isa = PBXFileReference; fileEncoding = 4; lastKnownFileType = sourcecode.c.objc; path = ProgressHUD.m; sourceTree = "<group>"; };
		D2E17A60231D07EA00106C14 /* ProgressHUD.h */ = {isa = PBXFileReference; fileEncoding = 4; lastKnownFileType = sourcecode.c.h; path = ProgressHUD.h; sourceTree = "<group>"; };
/* End PBXFileReference section */

/* Begin PBXFrameworksBuildPhase section */
		D2E17A24231A154600106C14 /* Frameworks */ = {
			isa = PBXFrameworksBuildPhase;
			buildActionMask = 2147483647;
			files = (
			);
			runOnlyForDeploymentPostprocessing = 0;
		};
/* End PBXFrameworksBuildPhase section */

/* Begin PBXGroup section */
		D2E17A1E231A154600106C14 = {
			isa = PBXGroup;
			children = (
				D2E17A29231A154600106C14 /* CatOrNot */,
				D2E17A28231A154600106C14 /* Products */,
			);
			sourceTree = "<group>";
		};
		D2E17A28231A154600106C14 /* Products */ = {
			isa = PBXGroup;
			children = (
				D2E17A27231A154600106C14 /* CatOrNot.app */,
			);
			name = Products;
			sourceTree = "<group>";
		};
		D2E17A29231A154600106C14 /* CatOrNot */ = {
			isa = PBXGroup;
			children = (
				D2E17A2A231A154600106C14 /* AppDelegate.swift */,
				D2E17A2C231A154600106C14 /* ViewController.swift */,
				D2E17A2E231A154600106C14 /* Main.storyboard */,
				D2E17A31231A154700106C14 /* Assets.xcassets */,
				D2E17A33231A154700106C14 /* LaunchScreen.storyboard */,
				D2E17A36231A154700106C14 /* Info.plist */,
				D2E17A3C231A160F00106C14 /* Inceptionv3.mlmodel */,
				D2E17A5C231D07CA00106C14 /* Supporting Files */,
			);
			path = CatOrNot;
			sourceTree = "<group>";
		};
		D2E17A5C231D07CA00106C14 /* Supporting Files */ = {
			isa = PBXGroup;
			children = (
				D2E17A5E231D07EA00106C14 /* ProgressHUD.bundle */,
				D2E17A60231D07EA00106C14 /* ProgressHUD.h */,
				D2E17A5F231D07EA00106C14 /* ProgressHUD.m */,
				D2E17A5D231D07E900106C14 /* CatOrNot-Bridging-Header.h */,
			);
			path = "Supporting Files";
			sourceTree = "<group>";
		};
/* End PBXGroup section */

/* Begin PBXNativeTarget section */
		D2E17A26231A154600106C14 /* CatOrNot */ = {
			isa = PBXNativeTarget;
			buildConfigurationList = D2E17A39231A154700106C14 /* Build configuration list for PBXNativeTarget "CatOrNot" */;
			buildPhases = (
				D2E17A23231A154600106C14 /* Sources */,
				D2E17A24231A154600106C14 /* Frameworks */,
				D2E17A25231A154600106C14 /* Resources */,
			);
			buildRules = (
			);
			dependencies = (
			);
			name = CatOrNot;
			productName = CatOrNot;
			productReference = D2E17A27231A154600106C14 /* CatOrNot.app */;
			productType = "com.apple.product-type.application";
		};
/* End PBXNativeTarget section */

/* Begin PBXProject section */
		D2E17A1F231A154600106C14 /* Project object */ = {
			isa = PBXProject;
			attributes = {
				LastSwiftUpdateCheck = 1030;
				LastUpgradeCheck = 1340;
				ORGANIZATIONNAME = "Miles Fearnall-Williams";
				TargetAttributes = {
					D2E17A26231A154600106C14 = {
						CreatedOnToolsVersion = 10.3;
						LastSwiftMigration = 1030;
					};
				};
			};
			buildConfigurationList = D2E17A22231A154600106C14 /* Build configuration list for PBXProject "CatOrNot" */;
			compatibilityVersion = "Xcode 9.3";
			developmentRegion = en;
			hasScannedForEncodings = 0;
			knownRegions = (
				en,
				Base,
			);
			mainGroup = D2E17A1E231A154600106C14;
			productRefGroup = D2E17A28231A154600106C14 /* Products */;
			projectDirPath = "";
			projectRoot = "";
			targets = (
				D2E17A26231A154600106C14 /* CatOrNot */,
			);
		};
/* End PBXProject section */

/* Begin PBXResourcesBuildPhase section */
		D2E17A25231A154600106C14 /* Resources */ = {
			isa = PBXResourcesBuildPhase;
			buildActionMask = 2147483647;
			files = (
				D2E17A61231D07EA00106C14 /* ProgressHUD.bundle in Resources */,
				D2E17A35231A154700106C14 /* LaunchScreen.storyboard in Resources */,
				D2E17A32231A154700106C14 /* Assets.xcassets in Resources */,
				D2E17A30231A154600106C14 /* Main.storyboard in Resources */,
			);
			runOnlyForDeploymentPostprocessing = 0;
		};
/* End PBXResourcesBuildPhase section */

/* Begin PBXSourcesBuildPhase section */
		D2E17A23231A154600106C14 /* Sources */ = {
			isa = PBXSourcesBuildPhase;
			buildActionMask = 2147483647;
			files = (
				D2E17A2D231A154600106C14 /* ViewController.swift in Sources */,
				D2E17A3D231A160F00106C14 /* Inceptionv3.mlmodel in Sources */,
				D2E17A62231D07EA00106C14 /* ProgressHUD.m in Sources */,
				D2E17A2B231A154600106C14 /* AppDelegate.swift in Sources */,
			);
			runOnlyForDeploymentPostprocessing = 0;
		};
/* End PBXSourcesBuildPhase section */

/* Begin PBXVariantGroup section */
		D2E17A2E231A154600106C14 /* Main.storyboard */ = {
			isa = PBXVariantGroup;
			children = (
				D2E17A2F231A154600106C14 /* Base */,
			);
			name = Main.storyboard;
			sourceTree = "<group>";
		};
		D2E17A33231A154700106C14 /* LaunchScreen.storyboard */ = {
			isa = PBXVariantGroup;
			children = (
				D2E17A34231A154700106C14 /* Base */,
			);
			name = LaunchScreen.storyboard;
			sourceTree = "<group>";
		};
/* End PBXVariantGroup section */

/* Begin XCBuildConfiguration section */
		D2E17A37231A154700106C14 /* Debug */ = {
			isa = XCBuildConfiguration;
			buildSettings = {
				ALWAYS_SEARCH_USER_PATHS = NO;
				CLANG_ANALYZER_NONNULL = YES;
				CLANG_ANALYZER_NUMBER_OBJECT_CONVERSION = YES_AGGRESSIVE;
				CLANG_CXX_LANGUAGE_STANDARD = "gnu++14";
				CLANG_CXX_LIBRARY = "libc++";
				CLANG_ENABLE_MODULES = YES;
				CLANG_ENABLE_OBJC_ARC = YES;
				CLANG_ENABLE_OBJC_WEAK = YES;
				CLANG_WARN_BLOCK_CAPTURE_AUTORELEASING = YES;
				CLANG_WARN_BOOL_CONVERSION = YES;
				CLANG_WARN_COMMA = YES;
				CLANG_WARN_CONSTANT_CONVERSION = YES;
				CLANG_WARN_DEPRECATED_OBJC_IMPLEMENTATIONS = YES;
				CLANG_WARN_DIRECT_OBJC_ISA_USAGE = YES_ERROR;
				CLANG_WARN_DOCUMENTATION_COMMENTS = YES;
				CLANG_WARN_EMPTY_BODY = YES;
				CLANG_WARN_ENUM_CONVERSION = YES;
				CLANG_WARN_INFINITE_RECURSION = YES;
				CLANG_WARN_INT_CONVERSION = YES;
				CLANG_WARN_NON_LITERAL_NULL_CONVERSION = YES;
				CLANG_WARN_OBJC_IMPLICIT_RETAIN_SELF = YES;
				CLANG_WARN_OBJC_LITERAL_CONVERSION = YES;
				CLANG_WARN_OBJC_ROOT_CLASS = YES_ERROR;
				CLANG_WARN_QUOTED_INCLUDE_IN_FRAMEWORK_HEADER = YES;
				CLANG_WARN_RANGE_LOOP_ANALYSIS = YES;
				CLANG_WARN_STRICT_PROTOTYPES = YES;
				CLANG_WARN_SUSPICIOUS_MOVE = YES;
				CLANG_WARN_UNGUARDED_AVAILABILITY = YES_AGGRESSIVE;
				CLANG_WARN_UNREACHABLE_CODE = YES;
				CLANG_WARN__DUPLICATE_METHOD_MATCH = YES;
				CODE_SIGN_IDENTITY = "iPhone Developer";
				COPY_PHASE_STRIP = NO;
				DEBUG_INFORMATION_FORMAT = dwarf;
				ENABLE_STRICT_OBJC_MSGSEND = YES;
				ENABLE_TESTABILITY = YES;
				GCC_C_LANGUAGE_STANDARD = gnu11;
				GCC_DYNAMIC_NO_PIC = NO;
				GCC_NO_COMMON_BLOCKS = YES;
				GCC_OPTIMIZATION_LEVEL = 0;
				GCC_PREPROCESSOR_DEFINITIONS = (
					"DEBUG=1",
					"$(inherited)",
				);
				GCC_WARN_64_TO_32_BIT_CONVERSION = YES;
				GCC_WARN_ABOUT_RETURN_TYPE = YES_ERROR;
				GCC_WARN_UNDECLARED_SELECTOR = YES;
				GCC_WARN_UNINITIALIZED_AUTOS = YES_AGGRESSIVE;
				GCC_WARN_UNUSED_FUNCTION = YES;
				GCC_WARN_UNUSED_VARIABLE = YES;
				IPHONEOS_DEPLOYMENT_TARGET = 12.4;
				MTL_ENABLE_DEBUG_INFO = INCLUDE_SOURCE;
				MTL_FAST_MATH = YES;
				ONLY_ACTIVE_ARCH = YES;
				SDKROOT = iphoneos;
				SWIFT_ACTIVE_COMPILATION_CONDITIONS = DEBUG;
				SWIFT_OPTIMIZATION_LEVEL = "-Onone";
			};
			name = Debug;
		};
		D2E17A38231A154700106C14 /* Release */ = {
			isa = XCBuildConfiguration;
			buildSettings = {
				ALWAYS_SEARCH_USER_PATHS = NO;
				CLANG_ANALYZER_NONNULL = YES;
				CLANG_ANALYZER_NUMBER_OBJECT_CONVERSION = YES_AGGRESSIVE;
				CLANG_CXX_LANGUAGE_STANDARD = "gnu++14";
				CLANG_CXX_LIBRARY = "libc++";
				CLANG_ENABLE_MODULES = YES;
				CLANG_ENABLE_OBJC_ARC = YES;
				CLANG_ENABLE_OBJC_WEAK = YES;
				CLANG_WARN_BLOCK_CAPTURE_AUTORELEASING = YES;
				CLANG_WARN_BOOL_CONVERSION = YES;
				CLANG_WARN_COMMA = YES;
				CLANG_WARN_CONSTANT_CONVERSION = YES;
				CLANG_WARN_DEPRECATED_OBJC_IMPLEMENTATIONS = YES;
				CLANG_WARN_DIRECT_OBJC_ISA_USAGE = YES_ERROR;
				CLANG_WARN_DOCUMENTATION_COMMENTS = YES;
				CLANG_WARN_EMPTY_BODY = YES;
				CLANG_WARN_ENUM_CONVERSION = YES;
				CLANG_WARN_INFINITE_RECURSION = YES;
				CLANG_WARN_INT_CONVERSION = YES;
				CLANG_WARN_NON_LITERAL_NULL_CONVERSION = YES;
				CLANG_WARN_OBJC_IMPLICIT_RETAIN_SELF = YES;
				CLANG_WARN_OBJC_LITERAL_CONVERSION = YES;
				CLANG_WARN_OBJC_ROOT_CLASS = YES_ERROR;
				CLANG_WARN_QUOTED_INCLUDE_IN_FRAMEWORK_HEADER = YES;
				CLANG_WARN_RANGE_LOOP_ANALYSIS = YES;
				CLANG_WARN_STRICT_PROTOTYPES = YES;
				CLANG_WARN_SUSPICIOUS_MOVE = YES;
				CLANG_WARN_UNGUARDED_AVAILABILITY = YES_AGGRESSIVE;
				CLANG_WARN_UNREACHABLE_CODE = YES;
				CLANG_WARN__DUPLICATE_METHOD_MATCH = YES;
				CODE_SIGN_IDENTITY = "iPhone Developer";
				COPY_PHASE_STRIP = NO;
				DEBUG_INFORMATION_FORMAT = "dwarf-with-dsym";
				ENABLE_NS_ASSERTIONS = NO;
				ENABLE_STRICT_OBJC_MSGSEND = YES;
				GCC_C_LANGUAGE_STANDARD = gnu11;
				GCC_NO_COMMON_BLOCKS = YES;
				GCC_WARN_64_TO_32_BIT_CONVERSION = YES;
				GCC_WARN_ABOUT_RETURN_TYPE = YES_ERROR;
				GCC_WARN_UNDECLARED_SELECTOR = YES;
				GCC_WARN_UNINITIALIZED_AUTOS = YES_AGGRESSIVE;
				GCC_WARN_UNUSED_FUNCTION = YES;
				GCC_WARN_UNUSED_VARIABLE = YES;
				IPHONEOS_DEPLOYMENT_TARGET = 12.4;
				MTL_ENABLE_DEBUG_INFO = NO;
				MTL_FAST_MATH = YES;
				SDKROOT = iphoneos;
				SWIFT_COMPILATION_MODE = wholemodule;
				SWIFT_OPTIMIZATION_LEVEL = "-O";
				VALIDATE_PRODUCT = YES;
			};
			name = Release;
		};
		D2E17A3A231A154700106C14 /* Debug */ = {
			isa = XCBuildConfiguration;
			buildSettings = {
				ASSETCATALOG_COMPILER_APPICON_NAME = AppIcon;
				CLANG_ENABLE_MODULES = YES;
				CODE_SIGN_STYLE = Automatic;
				DEVELOPMENT_TEAM = AL9MJQ7527;
				INFOPLIST_FILE = CatOrNot/Info.plist;
				LD_RUNPATH_SEARCH_PATHS = (
					"$(inherited)",
					"@executable_path/Frameworks",
				);
				PRODUCT_BUNDLE_IDENTIFIER = com.ouchmousestudios.CatOrNot;
				PRODUCT_NAME = "$(TARGET_NAME)";
				SWIFT_OBJC_BRIDGING_HEADER = "CatOrNot/Supporting Files/CatOrNot-Bridging-Header.h";
				SWIFT_OPTIMIZATION_LEVEL = "-Onone";
				SWIFT_VERSION = 5.0;
				TARGETED_DEVICE_FAMILY = 1;
			};
			name = Debug;
		};
		D2E17A3B231A154700106C14 /* Release */ = {
			isa = XCBuildConfiguration;
			buildSettings = {
				ASSETCATALOG_COMPILER_APPICON_NAME = AppIcon;
				CLANG_ENABLE_MODULES = YES;
				CODE_SIGN_STYLE = Automatic;
				DEVELOPMENT_TEAM = AL9MJQ7527;
				INFOPLIST_FILE = CatOrNot/Info.plist;
				LD_RUNPATH_SEARCH_PATHS = (
					"$(inherited)",
					"@executable_path/Frameworks",
				);
				PRODUCT_BUNDLE_IDENTIFIER = com.ouchmousestudios.CatOrNot;
				PRODUCT_NAME = "$(TARGET_NAME)";
				SWIFT_OBJC_BRIDGING_HEADER = "CatOrNot/Supporting Files/CatOrNot-Bridging-Header.h";
				SWIFT_VERSION = 5.0;
				TARGETED_DEVICE_FAMILY = 1;
			};
			name = Release;
		};
/* End XCBuildConfiguration section */

/* Begin XCConfigurationList section */
		D2E17A22231A154600106C14 /* Build configuration list for PBXProject "CatOrNot" */ = {
			isa = XCConfigurationList;
			buildConfigurations = (
				D2E17A37231A154700106C14 /* Debug */,
				D2E17A38231A154700106C14 /* Release */,
			);
			defaultConfigurationIsVisible = 0;
			defaultConfigurationName = Release;
		};
		D2E17A39231A154700106C14 /* Build configuration list for PBXNativeTarget "CatOrNot" */ = {
			isa = XCConfigurationList;
			buildConfigurations = (
				D2E17A3A231A154700106C14 /* Debug */,
				D2E17A3B231A154700106C14 /* Release */,
			);
			defaultConfigurationIsVisible = 0;
			defaultConfigurationName = Release;
		};
/* End XCConfigurationList section */
	};
	rootObject = D2E17A1F231A154600106C14 /* Project object */;
}
